{
  "pins" : [
    {
      "identity" : "hellfireswiftpackage",
      "kind" : "remoteSourceControl",
      "location" : "https://github.com/ehellyer/HellfireSwiftPackage.git",
      "state" : {
        "revision" : "2e9a5a8c888e552dbd37677cf90fd0b13ab170aa",
        "version" : "2.0.0"
      }
    }
  ],
  "version" : 2
}
