{
  "originHash" : "bb721371b334fd38c3b31289e67323b46b863733de8c22f905916b2bea77ba36",
  "pins" : [
    {
      "identity" : "hellfireswiftpackage",
      "kind" : "remoteSourceControl",
      "location" : "https://github.com/ehellyer/HellfireSwiftPackage.git",
      "state" : {
        "revision" : "26dfd03350e23b71e281a23cf1f9ca4acaf64863",
        "version" : "3.0.3"
      }
    }
  ],
  "version" : 3
}
