{
  "pins" : [
    {
      "identity" : "hellfireswiftpackage",
      "kind" : "remoteSourceControl",
      "location" : "https://github.com/ehellyer/HellfireSwiftPackage.git",
      "state" : {
        "revision" : "9419f586d7ea5c16ef920ec7bdda3b46f10ca28f",
        "version" : "2.0.0"
      }
    }
  ],
  "version" : 2
}
