{
  "pins" : [
    {
      "identity" : "hellfireswiftpackage",
      "kind" : "remoteSourceControl",
      "location" : "https://github.com/ehellyer/HellfireSwiftPackage.git",
      "state" : {
        "revision" : "b8347eb9e9c7848295c00a17756d174dd89feeb4",
        "version" : "1.1.6"
      }
    }
  ],
  "version" : 2
}
